
Microsoft Visual Studio Solution File, Format Version 12.00
# Visual Studio Version 16
VisualStudioVersion = 16.0.30204.135
MinimumVisualStudioVersion = 10.0.40219.1
Project("{FAE04EC0-301F-11D3-BF4B-00C04F79EFBC}") = "RestaurantRater", "RestaurantRater\RestaurantRater.csproj", "{2C61CA71-CF17-433F-83BD-CE9DD4B0E8CC}"
EndProject
Global
	GlobalSection(SolutionConfigurationPlatforms) = preSolution
		Debug|Any CPU = Debug|Any CPU
		Release|Any CPU = Release|Any CPU
	EndGlobalSection
	GlobalSection(ProjectConfigurationPlatforms) = postSolution
		{2C61CA71-CF17-433F-83BD-CE9DD4B0E8CC}.Debug|Any CPU.ActiveCfg = Debug|Any CPU
		{2C61CA71-CF17-433F-83BD-CE9DD4B0E8CC}.Debug|Any CPU.Build.0 = Debug|Any CPU
		{2C61CA71-CF17-433F-83BD-CE9DD4B0E8CC}.Release|Any CPU.ActiveCfg = Release|Any CPU
		{2C61CA71-CF17-433F-83BD-CE9DD4B0E8CC}.Release|Any CPU.Build.0 = Release|Any CPU
	EndGlobalSection
	GlobalSection(SolutionProperties) = preSolution
		HideSolutionNode = FALSE
	EndGlobalSection
	GlobalSection(ExtensibilityGlobals) = postSolution
		SolutionGuid = {30B176BB-6E73-45DE-96AE-ED92F52D74F4}
	EndGlobalSection
EndGlobal
